
Microsoft Visual Studio Solution File, Format Version 12.00
# Visual Studio 15
VisualStudioVersion = 15.0.27703.2026
MinimumVisualStudioVersion = 10.0.40219.1
Project("{FAE04EC0-301F-11D3-BF4B-00C04F79EFBC}") = "myFirstAzureWebApp", "myFirstAzureWebApp\myFirstAzureWebApp.csproj", "{BFA3DFEC-E2E3-441B-904C-B93694995A4E}"
EndProject
Global
	GlobalSection(SolutionConfigurationPlatforms) = preSolution
		Debug|Any CPU = Debug|Any CPU
		Release|Any CPU = Release|Any CPU
	EndGlobalSection
	GlobalSection(ProjectConfigurationPlatforms) = postSolution
		{BFA3DFEC-E2E3-441B-904C-B93694995A4E}.Debug|Any CPU.ActiveCfg = Debug|Any CPU
		{BFA3DFEC-E2E3-441B-904C-B93694995A4E}.Debug|Any CPU.Build.0 = Debug|Any CPU
		{BFA3DFEC-E2E3-441B-904C-B93694995A4E}.Release|Any CPU.ActiveCfg = Release|Any CPU
		{BFA3DFEC-E2E3-441B-904C-B93694995A4E}.Release|Any CPU.Build.0 = Release|Any CPU
	EndGlobalSection
	GlobalSection(SolutionProperties) = preSolution
		HideSolutionNode = FALSE
	EndGlobalSection
	GlobalSection(ExtensibilityGlobals) = postSolution
		SolutionGuid = {43A0560A-9DCC-4C7C-A9AE-FFD5F6BA49F8}
	EndGlobalSection
EndGlobal
