
Microsoft Visual Studio Solution File, Format Version 12.00
# Visual Studio 15
VisualStudioVersion = 15.0.27703.2026
MinimumVisualStudioVersion = 10.0.40219.1
Project("{888888A0-9F3D-457C-B088-3A5042F75D52}") = "StripeDisputes", "StripeDisputes\StripeDisputes.pyproj", "{72272834-883F-4F80-A97B-FA6FC7051F82}"
EndProject
Global
	GlobalSection(SolutionConfigurationPlatforms) = preSolution
		Debug|Any CPU = Debug|Any CPU
		Release|Any CPU = Release|Any CPU
	EndGlobalSection
	GlobalSection(ProjectConfigurationPlatforms) = postSolution
		{72272834-883F-4F80-A97B-FA6FC7051F82}.Debug|Any CPU.ActiveCfg = Debug|Any CPU
		{72272834-883F-4F80-A97B-FA6FC7051F82}.Release|Any CPU.ActiveCfg = Release|Any CPU
	EndGlobalSection
	GlobalSection(SolutionProperties) = preSolution
		HideSolutionNode = FALSE
	EndGlobalSection
	GlobalSection(ExtensibilityGlobals) = postSolution
		SolutionGuid = {AFCC79C2-B994-47F8-8506-8EE6B832719C}
	EndGlobalSection
EndGlobal
