
Microsoft Visual Studio Solution File, Format Version 12.00
# Visual Studio 15
VisualStudioVersion = 15.0.27703.2042
MinimumVisualStudioVersion = 10.0.40219.1
Project("{FAE04EC0-301F-11D3-BF4B-00C04F79EFBC}") = "StripeDisputesLoad", "StripeDisputesLoad\StripeDisputesLoad.csproj", "{51234338-EFEE-49B6-898D-CA657B9A1A7C}"
EndProject
Global
	GlobalSection(SolutionConfigurationPlatforms) = preSolution
		Debug|Any CPU = Debug|Any CPU
		Release|Any CPU = Release|Any CPU
	EndGlobalSection
	GlobalSection(ProjectConfigurationPlatforms) = postSolution
		{51234338-EFEE-49B6-898D-CA657B9A1A7C}.Debug|Any CPU.ActiveCfg = Debug|Any CPU
		{51234338-EFEE-49B6-898D-CA657B9A1A7C}.Debug|Any CPU.Build.0 = Debug|Any CPU
		{51234338-EFEE-49B6-898D-CA657B9A1A7C}.Release|Any CPU.ActiveCfg = Release|Any CPU
		{51234338-EFEE-49B6-898D-CA657B9A1A7C}.Release|Any CPU.Build.0 = Release|Any CPU
	EndGlobalSection
	GlobalSection(SolutionProperties) = preSolution
		HideSolutionNode = FALSE
	EndGlobalSection
	GlobalSection(ExtensibilityGlobals) = postSolution
		SolutionGuid = {8BC1D50F-151B-4001-AAF7-4DFDC2C4E6A6}
	EndGlobalSection
EndGlobal
